
Microsoft Visual Studio Solution File, Format Version 12.00
# Visual Studio Version 17
VisualStudioVersion = 17.6.33815.320
MinimumVisualStudioVersion = 10.0.40219.1
Project("{FAE04EC0-301F-11D3-BF4B-00C04F79EFBC}") = "OpgaveUge2", "OpgaveUge2\OpgaveUge2.csproj", "{0E312758-5044-4963-AC7C-314E92BAEFAC}"
EndProject
Global
	GlobalSection(SolutionConfigurationPlatforms) = preSolution
		Debug|Any CPU = Debug|Any CPU
		Release|Any CPU = Release|Any CPU
	EndGlobalSection
	GlobalSection(ProjectConfigurationPlatforms) = postSolution
		{0E312758-5044-4963-AC7C-314E92BAEFAC}.Debug|Any CPU.ActiveCfg = Debug|Any CPU
		{0E312758-5044-4963-AC7C-314E92BAEFAC}.Debug|Any CPU.Build.0 = Debug|Any CPU
		{0E312758-5044-4963-AC7C-314E92BAEFAC}.Release|Any CPU.ActiveCfg = Release|Any CPU
		{0E312758-5044-4963-AC7C-314E92BAEFAC}.Release|Any CPU.Build.0 = Release|Any CPU
	EndGlobalSection
	GlobalSection(SolutionProperties) = preSolution
		HideSolutionNode = FALSE
	EndGlobalSection
	GlobalSection(ExtensibilityGlobals) = postSolution
		SolutionGuid = {19F102C7-F6B4-47FC-A774-8740D18E4E3D}
	EndGlobalSection
EndGlobal
